
Microsoft Visual Studio Solution File, Format Version 12.00
# Visual Studio Version 17
VisualStudioVersion = 17.8.34408.163
MinimumVisualStudioVersion = 10.0.40219.1
Project("{FAE04EC0-301F-11D3-BF4B-00C04F79EFBC}") = "FIleEditor", "FIleEditor\FIleEditor.csproj", "{FAED38CD-906D-4764-9F29-11BA2DC91C71}"
EndProject
Global
	GlobalSection(SolutionConfigurationPlatforms) = preSolution
		Debug|Any CPU = Debug|Any CPU
		Release|Any CPU = Release|Any CPU
	EndGlobalSection
	GlobalSection(ProjectConfigurationPlatforms) = postSolution
		{FAED38CD-906D-4764-9F29-11BA2DC91C71}.Debug|Any CPU.ActiveCfg = Debug|Any CPU
		{FAED38CD-906D-4764-9F29-11BA2DC91C71}.Debug|Any CPU.Build.0 = Debug|Any CPU
		{FAED38CD-906D-4764-9F29-11BA2DC91C71}.Release|Any CPU.ActiveCfg = Release|Any CPU
		{FAED38CD-906D-4764-9F29-11BA2DC91C71}.Release|Any CPU.Build.0 = Release|Any CPU
	EndGlobalSection
	GlobalSection(SolutionProperties) = preSolution
		HideSolutionNode = FALSE
	EndGlobalSection
	GlobalSection(ExtensibilityGlobals) = postSolution
		SolutionGuid = {18C66CB9-09E7-46CC-89DA-E29C8F00D6D8}
	EndGlobalSection
EndGlobal
