
Microsoft Visual Studio Solution File, Format Version 12.00
# Visual Studio Version 17
VisualStudioVersion = 17.8.34408.163
MinimumVisualStudioVersion = 10.0.40219.1
Project("{FAE04EC0-301F-11D3-BF4B-00C04F79EFBC}") = "엑셀", "엑셀\엑셀.csproj", "{6AF16F4F-40E6-4FA6-9DC3-0E0A9E55D489}"
EndProject
Global
	GlobalSection(SolutionConfigurationPlatforms) = preSolution
		Debug|Any CPU = Debug|Any CPU
		Release|Any CPU = Release|Any CPU
	EndGlobalSection
	GlobalSection(ProjectConfigurationPlatforms) = postSolution
		{6AF16F4F-40E6-4FA6-9DC3-0E0A9E55D489}.Debug|Any CPU.ActiveCfg = Debug|Any CPU
		{6AF16F4F-40E6-4FA6-9DC3-0E0A9E55D489}.Debug|Any CPU.Build.0 = Debug|Any CPU
		{6AF16F4F-40E6-4FA6-9DC3-0E0A9E55D489}.Release|Any CPU.ActiveCfg = Release|Any CPU
		{6AF16F4F-40E6-4FA6-9DC3-0E0A9E55D489}.Release|Any CPU.Build.0 = Release|Any CPU
	EndGlobalSection
	GlobalSection(SolutionProperties) = preSolution
		HideSolutionNode = FALSE
	EndGlobalSection
	GlobalSection(ExtensibilityGlobals) = postSolution
		SolutionGuid = {2B211381-BD13-4A7A-BC51-865E94C2F9A9}
	EndGlobalSection
EndGlobal
