
Microsoft Visual Studio Solution File, Format Version 12.00
# Visual Studio Version 17
VisualStudioVersion = 17.8.34408.163
MinimumVisualStudioVersion = 10.0.40219.1
Project("{FAE04EC0-301F-11D3-BF4B-00C04F79EFBC}") = "Constant", "Constant\Constant.csproj", "{A8BCB700-9B20-4D22-ABD4-5DA0CEC5822A}"
EndProject
Global
	GlobalSection(SolutionConfigurationPlatforms) = preSolution
		Debug|Any CPU = Debug|Any CPU
		Release|Any CPU = Release|Any CPU
	EndGlobalSection
	GlobalSection(ProjectConfigurationPlatforms) = postSolution
		{A8BCB700-9B20-4D22-ABD4-5DA0CEC5822A}.Debug|Any CPU.ActiveCfg = Debug|Any CPU
		{A8BCB700-9B20-4D22-ABD4-5DA0CEC5822A}.Debug|Any CPU.Build.0 = Debug|Any CPU
		{A8BCB700-9B20-4D22-ABD4-5DA0CEC5822A}.Release|Any CPU.ActiveCfg = Release|Any CPU
		{A8BCB700-9B20-4D22-ABD4-5DA0CEC5822A}.Release|Any CPU.Build.0 = Release|Any CPU
	EndGlobalSection
	GlobalSection(SolutionProperties) = preSolution
		HideSolutionNode = FALSE
	EndGlobalSection
	GlobalSection(ExtensibilityGlobals) = postSolution
		SolutionGuid = {3F453D7A-1510-4D05-B5E6-53EB6F7AC11C}
	EndGlobalSection
EndGlobal
