
Microsoft Visual Studio Solution File, Format Version 12.00
# Visual Studio Version 17
VisualStudioVersion = 17.8.34408.163
MinimumVisualStudioVersion = 10.0.40219.1
Project("{FAE04EC0-301F-11D3-BF4B-00C04F79EFBC}") = "UsingQueue", "UsingQueue\UsingQueue.csproj", "{86944CCC-18DC-410B-A4F3-F3F80A93C644}"
EndProject
Global
	GlobalSection(SolutionConfigurationPlatforms) = preSolution
		Debug|Any CPU = Debug|Any CPU
		Release|Any CPU = Release|Any CPU
	EndGlobalSection
	GlobalSection(ProjectConfigurationPlatforms) = postSolution
		{86944CCC-18DC-410B-A4F3-F3F80A93C644}.Debug|Any CPU.ActiveCfg = Debug|Any CPU
		{86944CCC-18DC-410B-A4F3-F3F80A93C644}.Debug|Any CPU.Build.0 = Debug|Any CPU
		{86944CCC-18DC-410B-A4F3-F3F80A93C644}.Release|Any CPU.ActiveCfg = Release|Any CPU
		{86944CCC-18DC-410B-A4F3-F3F80A93C644}.Release|Any CPU.Build.0 = Release|Any CPU
	EndGlobalSection
	GlobalSection(SolutionProperties) = preSolution
		HideSolutionNode = FALSE
	EndGlobalSection
	GlobalSection(ExtensibilityGlobals) = postSolution
		SolutionGuid = {0A52D6FE-0C2E-48CB-B417-8945AD6EA90F}
	EndGlobalSection
EndGlobal
