
Microsoft Visual Studio Solution File, Format Version 12.00
# Visual Studio Version 17
VisualStudioVersion = 17.8.34408.163
MinimumVisualStudioVersion = 10.0.40219.1
Project("{FAE04EC0-301F-11D3-BF4B-00C04F79EFBC}") = "DerivedInterface", "DerivedInterface\DerivedInterface.csproj", "{502D07F5-AE07-41B3-9015-314DDA55281D}"
EndProject
Global
	GlobalSection(SolutionConfigurationPlatforms) = preSolution
		Debug|Any CPU = Debug|Any CPU
		Release|Any CPU = Release|Any CPU
	EndGlobalSection
	GlobalSection(ProjectConfigurationPlatforms) = postSolution
		{502D07F5-AE07-41B3-9015-314DDA55281D}.Debug|Any CPU.ActiveCfg = Debug|Any CPU
		{502D07F5-AE07-41B3-9015-314DDA55281D}.Debug|Any CPU.Build.0 = Debug|Any CPU
		{502D07F5-AE07-41B3-9015-314DDA55281D}.Release|Any CPU.ActiveCfg = Release|Any CPU
		{502D07F5-AE07-41B3-9015-314DDA55281D}.Release|Any CPU.Build.0 = Release|Any CPU
	EndGlobalSection
	GlobalSection(SolutionProperties) = preSolution
		HideSolutionNode = FALSE
	EndGlobalSection
	GlobalSection(ExtensibilityGlobals) = postSolution
		SolutionGuid = {93E40367-A5DF-418E-B38E-973FA8E49365}
	EndGlobalSection
EndGlobal
