
Microsoft Visual Studio Solution File, Format Version 12.00
# Visual Studio Version 17
VisualStudioVersion = 17.8.34408.163
MinimumVisualStudioVersion = 10.0.40219.1
Project("{FAE04EC0-301F-11D3-BF4B-00C04F79EFBC}") = "점수 계산기", "정빈이가 여친 생길 확률 계산기\점수 계산기.csproj", "{6F9A8FF8-6A8B-4301-AFAA-DA67F871EF48}"
EndProject
Global
	GlobalSection(SolutionConfigurationPlatforms) = preSolution
		Debug|Any CPU = Debug|Any CPU
		Release|Any CPU = Release|Any CPU
	EndGlobalSection
	GlobalSection(ProjectConfigurationPlatforms) = postSolution
		{6F9A8FF8-6A8B-4301-AFAA-DA67F871EF48}.Debug|Any CPU.ActiveCfg = Debug|Any CPU
		{6F9A8FF8-6A8B-4301-AFAA-DA67F871EF48}.Debug|Any CPU.Build.0 = Debug|Any CPU
		{6F9A8FF8-6A8B-4301-AFAA-DA67F871EF48}.Release|Any CPU.ActiveCfg = Release|Any CPU
		{6F9A8FF8-6A8B-4301-AFAA-DA67F871EF48}.Release|Any CPU.Build.0 = Release|Any CPU
	EndGlobalSection
	GlobalSection(SolutionProperties) = preSolution
		HideSolutionNode = FALSE
	EndGlobalSection
	GlobalSection(ExtensibilityGlobals) = postSolution
		SolutionGuid = {FDB87C33-895C-4D95-9D2D-F4469F896288}
	EndGlobalSection
EndGlobal
