
Microsoft Visual Studio Solution File, Format Version 12.00
# Visual Studio Version 17
VisualStudioVersion = 17.8.34408.163
MinimumVisualStudioVersion = 10.0.40219.1
Project("{FAE04EC0-301F-11D3-BF4B-00C04F79EFBC}") = "Structure", "Structure\Structure.csproj", "{D12D6313-D3A5-4BEB-9B2D-F71088729326}"
EndProject
Global
	GlobalSection(SolutionConfigurationPlatforms) = preSolution
		Debug|Any CPU = Debug|Any CPU
		Release|Any CPU = Release|Any CPU
	EndGlobalSection
	GlobalSection(ProjectConfigurationPlatforms) = postSolution
		{D12D6313-D3A5-4BEB-9B2D-F71088729326}.Debug|Any CPU.ActiveCfg = Debug|Any CPU
		{D12D6313-D3A5-4BEB-9B2D-F71088729326}.Debug|Any CPU.Build.0 = Debug|Any CPU
		{D12D6313-D3A5-4BEB-9B2D-F71088729326}.Release|Any CPU.ActiveCfg = Release|Any CPU
		{D12D6313-D3A5-4BEB-9B2D-F71088729326}.Release|Any CPU.Build.0 = Release|Any CPU
	EndGlobalSection
	GlobalSection(SolutionProperties) = preSolution
		HideSolutionNode = FALSE
	EndGlobalSection
	GlobalSection(ExtensibilityGlobals) = postSolution
		SolutionGuid = {2BD81C50-94A1-4A1B-9345-3332D539B20D}
	EndGlobalSection
EndGlobal
